
Microsoft Visual Studio Solution File, Format Version 12.00
# Visual Studio Version 16
VisualStudioVersion = 16.0.31205.134
MinimumVisualStudioVersion = 10.0.40219.1
Project("{2150E333-8FDC-42A3-9474-1A3956D46DE8}") = "Services", "Services", "{10F6ECD1-E39B-4250-B449-000BE9D5BF45}"
EndProject
Project("{2150E333-8FDC-42A3-9474-1A3956D46DE8}") = "Catalog", "Catalog", "{F105014F-C4C8-4E3A-897F-A40954EB5984}"
EndProject
Project("{9A19103F-16F7-4668-BE54-9A1E7A4F7556}") = "Catalog.API", "Services\Catalog\Catalog.API\Catalog.API.csproj", "{7806C0CC-8D51-484E-AA53-2BAC458A6079}"
EndProject
Project("{E53339B2-1760-4266-BCC7-CA923CBCF16C}") = "docker-compose", "docker-compose.dcproj", "{6477E1EA-0F6A-4617-8DD3-684E37004458}"
EndProject
Project("{2150E333-8FDC-42A3-9474-1A3956D46DE8}") = "Basket", "Basket", "{331EEBBB-DA56-4F2D-8EA4-81B16D24B87A}"
EndProject
Project("{FAE04EC0-301F-11D3-BF4B-00C04F79EFBC}") = "Basket.API", "Services\Basket\Basket.API\Basket.API.csproj", "{9A711AA1-3106-4138-B4E9-0A5DB593CD42}"
EndProject
Global
	GlobalSection(SolutionConfigurationPlatforms) = preSolution
		Debug|Any CPU = Debug|Any CPU
		Release|Any CPU = Release|Any CPU
	EndGlobalSection
	GlobalSection(ProjectConfigurationPlatforms) = postSolution
		{7806C0CC-8D51-484E-AA53-2BAC458A6079}.Debug|Any CPU.ActiveCfg = Debug|Any CPU
		{7806C0CC-8D51-484E-AA53-2BAC458A6079}.Debug|Any CPU.Build.0 = Debug|Any CPU
		{7806C0CC-8D51-484E-AA53-2BAC458A6079}.Release|Any CPU.ActiveCfg = Release|Any CPU
		{7806C0CC-8D51-484E-AA53-2BAC458A6079}.Release|Any CPU.Build.0 = Release|Any CPU
		{6477E1EA-0F6A-4617-8DD3-684E37004458}.Debug|Any CPU.ActiveCfg = Debug|Any CPU
		{6477E1EA-0F6A-4617-8DD3-684E37004458}.Debug|Any CPU.Build.0 = Debug|Any CPU
		{6477E1EA-0F6A-4617-8DD3-684E37004458}.Release|Any CPU.ActiveCfg = Release|Any CPU
		{6477E1EA-0F6A-4617-8DD3-684E37004458}.Release|Any CPU.Build.0 = Release|Any CPU
		{9A711AA1-3106-4138-B4E9-0A5DB593CD42}.Debug|Any CPU.ActiveCfg = Debug|Any CPU
		{9A711AA1-3106-4138-B4E9-0A5DB593CD42}.Debug|Any CPU.Build.0 = Debug|Any CPU
		{9A711AA1-3106-4138-B4E9-0A5DB593CD42}.Release|Any CPU.ActiveCfg = Release|Any CPU
		{9A711AA1-3106-4138-B4E9-0A5DB593CD42}.Release|Any CPU.Build.0 = Release|Any CPU
	EndGlobalSection
	GlobalSection(SolutionProperties) = preSolution
		HideSolutionNode = FALSE
	EndGlobalSection
	GlobalSection(NestedProjects) = preSolution
		{F105014F-C4C8-4E3A-897F-A40954EB5984} = {10F6ECD1-E39B-4250-B449-000BE9D5BF45}
		{7806C0CC-8D51-484E-AA53-2BAC458A6079} = {F105014F-C4C8-4E3A-897F-A40954EB5984}
		{331EEBBB-DA56-4F2D-8EA4-81B16D24B87A} = {10F6ECD1-E39B-4250-B449-000BE9D5BF45}
		{9A711AA1-3106-4138-B4E9-0A5DB593CD42} = {331EEBBB-DA56-4F2D-8EA4-81B16D24B87A}
	EndGlobalSection
	GlobalSection(ExtensibilityGlobals) = postSolution
		SolutionGuid = {5C663D62-6155-416E-9AEE-9C04CEAE3D17}
	EndGlobalSection
EndGlobal
